
Microsoft Visual Studio Solution File, Format Version 12.00
# Visual Studio Version 16
VisualStudioVersion = 16.0.31729.503
MinimumVisualStudioVersion = 10.0.40219.1
Project("{9A19103F-16F7-4668-BE54-9A1E7A4F7556}") = "Curriculum.Domain", "Curriculum.Domain\Curriculum.Domain.csproj", "{B4E961AA-6ED1-4982-8F9A-85B0B491A520}"
EndProject
Project("{9A19103F-16F7-4668-BE54-9A1E7A4F7556}") = "Curriculum.WinUI", "Curriculum.WinUI\Curriculum.WinUI.csproj", "{F5811CEB-A2B0-4A22-8269-47B77DCD5939}"
EndProject
Global
	GlobalSection(SolutionConfigurationPlatforms) = preSolution
		Debug|Any CPU = Debug|Any CPU
		Release|Any CPU = Release|Any CPU
	EndGlobalSection
	GlobalSection(ProjectConfigurationPlatforms) = postSolution
		{B4E961AA-6ED1-4982-8F9A-85B0B491A520}.Debug|Any CPU.ActiveCfg = Debug|Any CPU
		{B4E961AA-6ED1-4982-8F9A-85B0B491A520}.Debug|Any CPU.Build.0 = Debug|Any CPU
		{B4E961AA-6ED1-4982-8F9A-85B0B491A520}.Release|Any CPU.ActiveCfg = Release|Any CPU
		{B4E961AA-6ED1-4982-8F9A-85B0B491A520}.Release|Any CPU.Build.0 = Release|Any CPU
		{F5811CEB-A2B0-4A22-8269-47B77DCD5939}.Debug|Any CPU.ActiveCfg = Debug|Any CPU
		{F5811CEB-A2B0-4A22-8269-47B77DCD5939}.Debug|Any CPU.Build.0 = Debug|Any CPU
		{F5811CEB-A2B0-4A22-8269-47B77DCD5939}.Release|Any CPU.ActiveCfg = Release|Any CPU
		{F5811CEB-A2B0-4A22-8269-47B77DCD5939}.Release|Any CPU.Build.0 = Release|Any CPU
	EndGlobalSection
	GlobalSection(SolutionProperties) = preSolution
		HideSolutionNode = FALSE
	EndGlobalSection
	GlobalSection(ExtensibilityGlobals) = postSolution
		SolutionGuid = {1B1E6686-04A5-47A4-B01B-DF576D641D73}
	EndGlobalSection
EndGlobal
